
Microsoft Visual Studio Solution File, Format Version 12.00
# Visual Studio Version 16
VisualStudioVersion = 16.0.30621.155
MinimumVisualStudioVersion = 10.0.40219.1
Project("{FAE04EC0-301F-11D3-BF4B-00C04F79EFBC}") = "SecurityAndCompression", "SecurityAndCompression\SecurityAndCompression.csproj", "{0EB45A1D-E593-4693-B0D1-4F8E6A11010F}"
EndProject
Project("{FAE04EC0-301F-11D3-BF4B-00C04F79EFBC}") = "API", "API\API.csproj", "{3B7A2B28-A535-4EE1-8F13-247E0AF20A8D}"
EndProject
Project("{FAE04EC0-301F-11D3-BF4B-00C04F79EFBC}") = "ChattingDesign", "ChattingDesign\ChattingDesign.csproj", "{B6C68682-3134-44C5-955F-12D087867916}"
EndProject
Global
	GlobalSection(SolutionConfigurationPlatforms) = preSolution
		Debug|Any CPU = Debug|Any CPU
		Release|Any CPU = Release|Any CPU
	EndGlobalSection
	GlobalSection(ProjectConfigurationPlatforms) = postSolution
		{0EB45A1D-E593-4693-B0D1-4F8E6A11010F}.Debug|Any CPU.ActiveCfg = Debug|Any CPU
		{0EB45A1D-E593-4693-B0D1-4F8E6A11010F}.Debug|Any CPU.Build.0 = Debug|Any CPU
		{0EB45A1D-E593-4693-B0D1-4F8E6A11010F}.Release|Any CPU.ActiveCfg = Release|Any CPU
		{0EB45A1D-E593-4693-B0D1-4F8E6A11010F}.Release|Any CPU.Build.0 = Release|Any CPU
		{3B7A2B28-A535-4EE1-8F13-247E0AF20A8D}.Debug|Any CPU.ActiveCfg = Debug|Any CPU
		{3B7A2B28-A535-4EE1-8F13-247E0AF20A8D}.Debug|Any CPU.Build.0 = Debug|Any CPU
		{3B7A2B28-A535-4EE1-8F13-247E0AF20A8D}.Release|Any CPU.ActiveCfg = Release|Any CPU
		{3B7A2B28-A535-4EE1-8F13-247E0AF20A8D}.Release|Any CPU.Build.0 = Release|Any CPU
		{B6C68682-3134-44C5-955F-12D087867916}.Debug|Any CPU.ActiveCfg = Debug|Any CPU
		{B6C68682-3134-44C5-955F-12D087867916}.Debug|Any CPU.Build.0 = Debug|Any CPU
		{B6C68682-3134-44C5-955F-12D087867916}.Release|Any CPU.ActiveCfg = Release|Any CPU
		{B6C68682-3134-44C5-955F-12D087867916}.Release|Any CPU.Build.0 = Release|Any CPU
	EndGlobalSection
	GlobalSection(SolutionProperties) = preSolution
		HideSolutionNode = FALSE
	EndGlobalSection
	GlobalSection(ExtensibilityGlobals) = postSolution
		SolutionGuid = {35E3037D-8848-4C67-9590-7A6F240B9A89}
	EndGlobalSection
EndGlobal
